// !$*UTF8*$!
{
	archiveVersion = 1;
	classes = {
	};
	objectVersion = 46;
	objects = {

/* Begin PBXBuildFile section */
		5E7E222DB394423F2A78375E /* Pods_weatherWatchKit.framework in Frameworks */ = {isa = PBXBuildFile; fileRef = 76E21D73B8ACF9449A5161D3 /* Pods_weatherWatchKit.framework */; };
		666A8ACB215A9EB700F332D3 /* Interface.storyboard in Resources */ = {isa = PBXBuildFile; fileRef = 666A8AC9215A9EB700F332D3 /* Interface.storyboard */; };
		666A8ACD215A9EB800F332D3 /* Assets.xcassets in Resources */ = {isa = PBXBuildFile; fileRef = 666A8ACC215A9EB800F332D3 /* Assets.xcassets */; };
		666A8AD4215A9EB800F332D3 /* weatherWatchKit watchOS App Extension.appex in Embed App Extensions */ = {isa = PBXBuildFile; fileRef = 666A8AD3215A9EB800F332D3 /* weatherWatchKit watchOS App Extension.appex */; settings = {ATTRIBUTES = (RemoveHeadersOnCopy, ); }; };
		666A8AD9215A9EB800F332D3 /* InterfaceController.swift in Sources */ = {isa = PBXBuildFile; fileRef = 666A8AD8215A9EB800F332D3 /* InterfaceController.swift */; };
		666A8ADB215A9EB800F332D3 /* ExtensionDelegate.swift in Sources */ = {isa = PBXBuildFile; fileRef = 666A8ADA215A9EB800F332D3 /* ExtensionDelegate.swift */; };
		666A8ADD215A9EB800F332D3 /* ComplicationController.swift in Sources */ = {isa = PBXBuildFile; fileRef = 666A8ADC215A9EB800F332D3 /* ComplicationController.swift */; };
		666A8ADF215A9EB900F332D3 /* Assets.xcassets in Resources */ = {isa = PBXBuildFile; fileRef = 666A8ADE215A9EB900F332D3 /* Assets.xcassets */; };
		666A8AE3215A9EB900F332D3 /* weatherWatchKit watchOS App.app in Embed Watch Content */ = {isa = PBXBuildFile; fileRef = 666A8AC7215A9EB700F332D3 /* weatherWatchKit watchOS App.app */; };
		666A8AED215ACCB400F332D3 /* DatastoreProtocol.swift in Sources */ = {isa = PBXBuildFile; fileRef = 666A8AEC215ACCB400F332D3 /* DatastoreProtocol.swift */; };
		666A8AEF215ACCFB00F332D3 /* SharedUserDefaultsDatastore.swift in Sources */ = {isa = PBXBuildFile; fileRef = 666A8AEE215ACCFB00F332D3 /* SharedUserDefaultsDatastore.swift */; };
		666A8AF2215AD54200F332D3 /* DatastoreProtocol.swift in Sources */ = {isa = PBXBuildFile; fileRef = 666A8AEC215ACCB400F332D3 /* DatastoreProtocol.swift */; };
		666A8AF3215AD54400F332D3 /* SharedUserDefaultsDatastore.swift in Sources */ = {isa = PBXBuildFile; fileRef = 666A8AEE215ACCFB00F332D3 /* SharedUserDefaultsDatastore.swift */; };
		667A1A191A68411600DD3729 /* WeatherServiceProtocol.swift in Sources */ = {isa = PBXBuildFile; fileRef = 667A1A181A68411600DD3729 /* WeatherServiceProtocol.swift */; };
		667A1A1C1A6856B800DD3729 /* OpenWeatherMapWeatherService.swift in Sources */ = {isa = PBXBuildFile; fileRef = 667A1A1B1A6856B800DD3729 /* OpenWeatherMapWeatherService.swift */; };
		66CCC4421A6449A100FF2CA9 /* AppDelegate.swift in Sources */ = {isa = PBXBuildFile; fileRef = 66CCC4411A6449A100FF2CA9 /* AppDelegate.swift */; };
		66CCC4441A6449A100FF2CA9 /* ViewController.swift in Sources */ = {isa = PBXBuildFile; fileRef = 66CCC4431A6449A100FF2CA9 /* ViewController.swift */; };
		66CCC4471A6449A100FF2CA9 /* Main.storyboard in Resources */ = {isa = PBXBuildFile; fileRef = 66CCC4451A6449A100FF2CA9 /* Main.storyboard */; };
		66CCC4491A6449A100FF2CA9 /* Images.xcassets in Resources */ = {isa = PBXBuildFile; fileRef = 66CCC4481A6449A100FF2CA9 /* Images.xcassets */; };
		66CCC44C1A6449A100FF2CA9 /* LaunchScreen.xib in Resources */ = {isa = PBXBuildFile; fileRef = 66CCC44A1A6449A100FF2CA9 /* LaunchScreen.xib */; };
		66CCC4581A6449A100FF2CA9 /* weatherWatchKitTests.swift in Sources */ = {isa = PBXBuildFile; fileRef = 66CCC4571A6449A100FF2CA9 /* weatherWatchKitTests.swift */; };
/* End PBXBuildFile section */

/* Begin PBXContainerItemProxy section */
		666A8AD5215A9EB800F332D3 /* PBXContainerItemProxy */ = {
			isa = PBXContainerItemProxy;
			containerPortal = 66CCC4341A6449A100FF2CA9 /* Project object */;
			proxyType = 1;
			remoteGlobalIDString = 666A8AD2215A9EB800F332D3;
			remoteInfo = "weatherWatchKit watchOS App Extension";
		};
		666A8AE1215A9EB900F332D3 /* PBXContainerItemProxy */ = {
			isa = PBXContainerItemProxy;
			containerPortal = 66CCC4341A6449A100FF2CA9 /* Project object */;
			proxyType = 1;
			remoteGlobalIDString = 666A8AC6215A9EB700F332D3;
			remoteInfo = "weatherWatchKit watchOS App";
		};
		66CCC4521A6449A100FF2CA9 /* PBXContainerItemProxy */ = {
			isa = PBXContainerItemProxy;
			containerPortal = 66CCC4341A6449A100FF2CA9 /* Project object */;
			proxyType = 1;
			remoteGlobalIDString = 66CCC43B1A6449A100FF2CA9;
			remoteInfo = weatherWatchKit;
		};
/* End PBXContainerItemProxy section */

/* Begin PBXCopyFilesBuildPhase section */
		666A8AE9215A9EB900F332D3 /* Embed App Extensions */ = {
			isa = PBXCopyFilesBuildPhase;
			buildActionMask = 2147483647;
			dstPath = "";
			dstSubfolderSpec = 13;
			files = (
				666A8AD4215A9EB800F332D3 /* weatherWatchKit watchOS App Extension.appex in Embed App Extensions */,
			);
			name = "Embed App Extensions";
			runOnlyForDeploymentPostprocessing = 0;
		};
		666A8AEB215A9EB900F332D3 /* Embed Watch Content */ = {
			isa = PBXCopyFilesBuildPhase;
			buildActionMask = 2147483647;
			dstPath = "$(CONTENTS_FOLDER_PATH)/Watch";
			dstSubfolderSpec = 16;
			files = (
				666A8AE3215A9EB900F332D3 /* weatherWatchKit watchOS App.app in Embed Watch Content */,
			);
			name = "Embed Watch Content";
			runOnlyForDeploymentPostprocessing = 0;
		};
/* End PBXCopyFilesBuildPhase section */

/* Begin PBXFileReference section */
		53DBF15AE3DDAFA5D3EB39A1 /* Pods-weatherWatchKit.debug.xcconfig */ = {isa = PBXFileReference; includeInIndex = 1; lastKnownFileType = text.xcconfig; name = "Pods-weatherWatchKit.debug.xcconfig"; path = "Pods/Target Support Files/Pods-weatherWatchKit/Pods-weatherWatchKit.debug.xcconfig"; sourceTree = "<group>"; };
		666A8AC7215A9EB700F332D3 /* weatherWatchKit watchOS App.app */ = {isa = PBXFileReference; explicitFileType = wrapper.application; includeInIndex = 0; path = "weatherWatchKit watchOS App.app"; sourceTree = BUILT_PRODUCTS_DIR; };
		666A8ACA215A9EB700F332D3 /* Base */ = {isa = PBXFileReference; lastKnownFileType = file.storyboard; name = Base; path = Base.lproj/Interface.storyboard; sourceTree = "<group>"; };
		666A8ACC215A9EB800F332D3 /* Assets.xcassets */ = {isa = PBXFileReference; lastKnownFileType = folder.assetcatalog; path = Assets.xcassets; sourceTree = "<group>"; };
		666A8ACE215A9EB800F332D3 /* Info.plist */ = {isa = PBXFileReference; lastKnownFileType = text.plist.xml; path = Info.plist; sourceTree = "<group>"; };
		666A8AD3215A9EB800F332D3 /* weatherWatchKit watchOS App Extension.appex */ = {isa = PBXFileReference; explicitFileType = "wrapper.app-extension"; includeInIndex = 0; path = "weatherWatchKit watchOS App Extension.appex"; sourceTree = BUILT_PRODUCTS_DIR; };
		666A8AD8215A9EB800F332D3 /* InterfaceController.swift */ = {isa = PBXFileReference; lastKnownFileType = sourcecode.swift; path = InterfaceController.swift; sourceTree = "<group>"; };
		666A8ADA215A9EB800F332D3 /* ExtensionDelegate.swift */ = {isa = PBXFileReference; lastKnownFileType = sourcecode.swift; path = ExtensionDelegate.swift; sourceTree = "<group>"; };
		666A8ADC215A9EB800F332D3 /* ComplicationController.swift */ = {isa = PBXFileReference; lastKnownFileType = sourcecode.swift; path = ComplicationController.swift; sourceTree = "<group>"; };
		666A8ADE215A9EB900F332D3 /* Assets.xcassets */ = {isa = PBXFileReference; lastKnownFileType = folder.assetcatalog; path = Assets.xcassets; sourceTree = "<group>"; };
		666A8AE0215A9EB900F332D3 /* Info.plist */ = {isa = PBXFileReference; lastKnownFileType = text.plist.xml; path = Info.plist; sourceTree = "<group>"; };
		666A8AEC215ACCB400F332D3 /* DatastoreProtocol.swift */ = {isa = PBXFileReference; lastKnownFileType = sourcecode.swift; path = DatastoreProtocol.swift; sourceTree = "<group>"; };
		666A8AEE215ACCFB00F332D3 /* SharedUserDefaultsDatastore.swift */ = {isa = PBXFileReference; lastKnownFileType = sourcecode.swift; path = SharedUserDefaultsDatastore.swift; sourceTree = "<group>"; };
		666A8AF4215AD55500F332D3 /* weatherWatchKit.entitlements */ = {isa = PBXFileReference; lastKnownFileType = text.plist.entitlements; path = weatherWatchKit.entitlements; sourceTree = "<group>"; };
		666A8AF5215AD57200F332D3 /* weatherWatchKit watchOS App.entitlements */ = {isa = PBXFileReference; lastKnownFileType = text.plist.entitlements; path = "weatherWatchKit watchOS App.entitlements"; sourceTree = "<group>"; };
		666A8AF6215AD57A00F332D3 /* weatherWatchKit watchOS App Extension.entitlements */ = {isa = PBXFileReference; lastKnownFileType = text.plist.entitlements; path = "weatherWatchKit watchOS App Extension.entitlements"; sourceTree = "<group>"; };
		667A1A181A68411600DD3729 /* WeatherServiceProtocol.swift */ = {isa = PBXFileReference; fileEncoding = 4; lastKnownFileType = sourcecode.swift; path = WeatherServiceProtocol.swift; sourceTree = "<group>"; };
		667A1A1B1A6856B800DD3729 /* OpenWeatherMapWeatherService.swift */ = {isa = PBXFileReference; fileEncoding = 4; lastKnownFileType = sourcecode.swift; path = OpenWeatherMapWeatherService.swift; sourceTree = "<group>"; };
		66CCC43C1A6449A100FF2CA9 /* weatherWatchKit.app */ = {isa = PBXFileReference; explicitFileType = wrapper.application; includeInIndex = 0; path = weatherWatchKit.app; sourceTree = BUILT_PRODUCTS_DIR; };
		66CCC4401A6449A100FF2CA9 /* Info.plist */ = {isa = PBXFileReference; lastKnownFileType = text.plist.xml; path = Info.plist; sourceTree = "<group>"; };
		66CCC4411A6449A100FF2CA9 /* AppDelegate.swift */ = {isa = PBXFileReference; lastKnownFileType = sourcecode.swift; path = AppDelegate.swift; sourceTree = "<group>"; };
		66CCC4431A6449A100FF2CA9 /* ViewController.swift */ = {isa = PBXFileReference; lastKnownFileType = sourcecode.swift; path = ViewController.swift; sourceTree = "<group>"; };
		66CCC4461A6449A100FF2CA9 /* Base */ = {isa = PBXFileReference; lastKnownFileType = file.storyboard; name = Base; path = Base.lproj/Main.storyboard; sourceTree = "<group>"; };
		66CCC4481A6449A100FF2CA9 /* Images.xcassets */ = {isa = PBXFileReference; lastKnownFileType = folder.assetcatalog; path = Images.xcassets; sourceTree = "<group>"; };
		66CCC44B1A6449A100FF2CA9 /* Base */ = {isa = PBXFileReference; lastKnownFileType = file.xib; name = Base; path = Base.lproj/LaunchScreen.xib; sourceTree = "<group>"; };
		66CCC4511A6449A100FF2CA9 /* weatherWatchKitTests.xctest */ = {isa = PBXFileReference; explicitFileType = wrapper.cfbundle; includeInIndex = 0; path = weatherWatchKitTests.xctest; sourceTree = BUILT_PRODUCTS_DIR; };
		66CCC4561A6449A100FF2CA9 /* Info.plist */ = {isa = PBXFileReference; lastKnownFileType = text.plist.xml; path = Info.plist; sourceTree = "<group>"; };
		66CCC4571A6449A100FF2CA9 /* weatherWatchKitTests.swift */ = {isa = PBXFileReference; lastKnownFileType = sourcecode.swift; path = weatherWatchKitTests.swift; sourceTree = "<group>"; };
		76E21D73B8ACF9449A5161D3 /* Pods_weatherWatchKit.framework */ = {isa = PBXFileReference; explicitFileType = wrapper.framework; includeInIndex = 0; path = Pods_weatherWatchKit.framework; sourceTree = BUILT_PRODUCTS_DIR; };
		8B8EFE048DC0AE56934F9A2F /* Pods-weatherWatchKit.release.xcconfig */ = {isa = PBXFileReference; includeInIndex = 1; lastKnownFileType = text.xcconfig; name = "Pods-weatherWatchKit.release.xcconfig"; path = "Pods/Target Support Files/Pods-weatherWatchKit/Pods-weatherWatchKit.release.xcconfig"; sourceTree = "<group>"; };
/* End PBXFileReference section */

/* Begin PBXFrameworksBuildPhase section */
		666A8AD0215A9EB800F332D3 /* Frameworks */ = {
			isa = PBXFrameworksBuildPhase;
			buildActionMask = 2147483647;
			files = (
			);
			runOnlyForDeploymentPostprocessing = 0;
		};
		66CCC4391A6449A100FF2CA9 /* Frameworks */ = {
			isa = PBXFrameworksBuildPhase;
			buildActionMask = 2147483647;
			files = (
				5E7E222DB394423F2A78375E /* Pods_weatherWatchKit.framework in Frameworks */,
			);
			runOnlyForDeploymentPostprocessing = 0;
		};
		66CCC44E1A6449A100FF2CA9 /* Frameworks */ = {
			isa = PBXFrameworksBuildPhase;
			buildActionMask = 2147483647;
			files = (
			);
			runOnlyForDeploymentPostprocessing = 0;
		};
/* End PBXFrameworksBuildPhase section */

/* Begin PBXGroup section */
		666A8AC8215A9EB700F332D3 /* weatherWatchKit watchOS App */ = {
			isa = PBXGroup;
			children = (
				666A8ACC215A9EB800F332D3 /* Assets.xcassets */,
				666A8ACE215A9EB800F332D3 /* Info.plist */,
				666A8AC9215A9EB700F332D3 /* Interface.storyboard */,
				666A8AF5215AD57200F332D3 /* weatherWatchKit watchOS App.entitlements */,
			);
			path = "weatherWatchKit watchOS App";
			sourceTree = "<group>";
		};
		666A8AD7215A9EB800F332D3 /* weatherWatchKit watchOS App Extension */ = {
			isa = PBXGroup;
			children = (
				666A8ADE215A9EB900F332D3 /* Assets.xcassets */,
				666A8ADC215A9EB800F332D3 /* ComplicationController.swift */,
				666A8ADA215A9EB800F332D3 /* ExtensionDelegate.swift */,
				666A8AE0215A9EB900F332D3 /* Info.plist */,
				666A8AD8215A9EB800F332D3 /* InterfaceController.swift */,
				666A8AF6215AD57A00F332D3 /* weatherWatchKit watchOS App Extension.entitlements */,
			);
			path = "weatherWatchKit watchOS App Extension";
			sourceTree = "<group>";
		};
		666A8AF0215AD4D400F332D3 /* Weather Service */ = {
			isa = PBXGroup;
			children = (
				667A1A1B1A6856B800DD3729 /* OpenWeatherMapWeatherService.swift */,
				667A1A181A68411600DD3729 /* WeatherServiceProtocol.swift */,
			);
			path = "Weather Service";
			sourceTree = "<group>";
		};
		666A8AF1215AD4DB00F332D3 /* Datastore */ = {
			isa = PBXGroup;
			children = (
				666A8AEC215ACCB400F332D3 /* DatastoreProtocol.swift */,
				666A8AEE215ACCFB00F332D3 /* SharedUserDefaultsDatastore.swift */,
			);
			path = Datastore;
			sourceTree = "<group>";
		};
		667A1A1D1A68746A00DD3729 /* Frameworks */ = {
			isa = PBXGroup;
			children = (
				76E21D73B8ACF9449A5161D3 /* Pods_weatherWatchKit.framework */,
			);
			name = Frameworks;
			sourceTree = "<group>";
		};
		66CCC4331A6449A100FF2CA9 = {
			isa = PBXGroup;
			children = (
				66CCC43E1A6449A100FF2CA9 /* weatherWatchKit */,
				666A8AC8215A9EB700F332D3 /* weatherWatchKit watchOS App */,
				666A8AD7215A9EB800F332D3 /* weatherWatchKit watchOS App Extension */,
				66CCC4541A6449A100FF2CA9 /* weatherWatchKitTests */,
				667A1A1D1A68746A00DD3729 /* Frameworks */,
				66CCC43D1A6449A100FF2CA9 /* Products */,
				7FC23D249D3F139573940014 /* Pods */,
			);
			sourceTree = "<group>";
		};
		66CCC43D1A6449A100FF2CA9 /* Products */ = {
			isa = PBXGroup;
			children = (
				66CCC43C1A6449A100FF2CA9 /* weatherWatchKit.app */,
				66CCC4511A6449A100FF2CA9 /* weatherWatchKitTests.xctest */,
				666A8AC7215A9EB700F332D3 /* weatherWatchKit watchOS App.app */,
				666A8AD3215A9EB800F332D3 /* weatherWatchKit watchOS App Extension.appex */,
			);
			name = Products;
			sourceTree = "<group>";
		};
		66CCC43E1A6449A100FF2CA9 /* weatherWatchKit */ = {
			isa = PBXGroup;
			children = (
				666A8AF1215AD4DB00F332D3 /* Datastore */,
				666A8AF0215AD4D400F332D3 /* Weather Service */,
				66CCC4411A6449A100FF2CA9 /* AppDelegate.swift */,
				66CCC4481A6449A100FF2CA9 /* Images.xcassets */,
				66CCC4401A6449A100FF2CA9 /* Info.plist */,
				66CCC44A1A6449A100FF2CA9 /* LaunchScreen.xib */,
				66CCC4451A6449A100FF2CA9 /* Main.storyboard */,
				66CCC4431A6449A100FF2CA9 /* ViewController.swift */,
				666A8AF4215AD55500F332D3 /* weatherWatchKit.entitlements */,
			);
			path = weatherWatchKit;
			sourceTree = "<group>";
		};
		66CCC4541A6449A100FF2CA9 /* weatherWatchKitTests */ = {
			isa = PBXGroup;
			children = (
				66CCC4571A6449A100FF2CA9 /* weatherWatchKitTests.swift */,
				66CCC4551A6449A100FF2CA9 /* Supporting Files */,
			);
			path = weatherWatchKitTests;
			sourceTree = "<group>";
		};
		66CCC4551A6449A100FF2CA9 /* Supporting Files */ = {
			isa = PBXGroup;
			children = (
				66CCC4561A6449A100FF2CA9 /* Info.plist */,
			);
			name = "Supporting Files";
			sourceTree = "<group>";
		};
		7FC23D249D3F139573940014 /* Pods */ = {
			isa = PBXGroup;
			children = (
				53DBF15AE3DDAFA5D3EB39A1 /* Pods-weatherWatchKit.debug.xcconfig */,
				8B8EFE048DC0AE56934F9A2F /* Pods-weatherWatchKit.release.xcconfig */,
			);
			name = Pods;
			sourceTree = "<group>";
		};
/* End PBXGroup section */

/* Begin PBXNativeTarget section */
		666A8AC6215A9EB700F332D3 /* weatherWatchKit watchOS App */ = {
			isa = PBXNativeTarget;
			buildConfigurationList = 666A8AEA215A9EB900F332D3 /* Build configuration list for PBXNativeTarget "weatherWatchKit watchOS App" */;
			buildPhases = (
				666A8AC5215A9EB700F332D3 /* Resources */,
				666A8AE9215A9EB900F332D3 /* Embed App Extensions */,
			);
			buildRules = (
			);
			dependencies = (
				666A8AD6215A9EB800F332D3 /* PBXTargetDependency */,
			);
			name = "weatherWatchKit watchOS App";
			productName = "weatherWatchKit watchOS App";
			productReference = 666A8AC7215A9EB700F332D3 /* weatherWatchKit watchOS App.app */;
			productType = "com.apple.product-type.application.watchapp2";
		};
		666A8AD2215A9EB800F332D3 /* weatherWatchKit watchOS App Extension */ = {
			isa = PBXNativeTarget;
			buildConfigurationList = 666A8AE8215A9EB900F332D3 /* Build configuration list for PBXNativeTarget "weatherWatchKit watchOS App Extension" */;
			buildPhases = (
				666A8ACF215A9EB800F332D3 /* Sources */,
				666A8AD0215A9EB800F332D3 /* Frameworks */,
				666A8AD1215A9EB800F332D3 /* Resources */,
			);
			buildRules = (
			);
			dependencies = (
			);
			name = "weatherWatchKit watchOS App Extension";
			productName = "weatherWatchKit watchOS App Extension";
			productReference = 666A8AD3215A9EB800F332D3 /* weatherWatchKit watchOS App Extension.appex */;
			productType = "com.apple.product-type.watchkit2-extension";
		};
		66CCC43B1A6449A100FF2CA9 /* weatherWatchKit */ = {
			isa = PBXNativeTarget;
			buildConfigurationList = 66CCC45B1A6449A100FF2CA9 /* Build configuration list for PBXNativeTarget "weatherWatchKit" */;
			buildPhases = (
				05E27B13374ABAB7A5F3D607 /* [CP] Check Pods Manifest.lock */,
				66CCC4381A6449A100FF2CA9 /* Sources */,
				66CCC4391A6449A100FF2CA9 /* Frameworks */,
				66CCC43A1A6449A100FF2CA9 /* Resources */,
				F29252A1C537508827120F70 /* [CP] Embed Pods Frameworks */,
				666A8AEB215A9EB900F332D3 /* Embed Watch Content */,
			);
			buildRules = (
			);
			dependencies = (
				666A8AE2215A9EB900F332D3 /* PBXTargetDependency */,
			);
			name = weatherWatchKit;
			productName = weatherWatchKit;
			productReference = 66CCC43C1A6449A100FF2CA9 /* weatherWatchKit.app */;
			productType = "com.apple.product-type.application";
		};
		66CCC4501A6449A100FF2CA9 /* weatherWatchKitTests */ = {
			isa = PBXNativeTarget;
			buildConfigurationList = 66CCC45E1A6449A100FF2CA9 /* Build configuration list for PBXNativeTarget "weatherWatchKitTests" */;
			buildPhases = (
				66CCC44D1A6449A100FF2CA9 /* Sources */,
				66CCC44E1A6449A100FF2CA9 /* Frameworks */,
				66CCC44F1A6449A100FF2CA9 /* Resources */,
			);
			buildRules = (
			);
			dependencies = (
				66CCC4531A6449A100FF2CA9 /* PBXTargetDependency */,
			);
			name = weatherWatchKitTests;
			productName = weatherWatchKitTests;
			productReference = 66CCC4511A6449A100FF2CA9 /* weatherWatchKitTests.xctest */;
			productType = "com.apple.product-type.bundle.unit-test";
		};
/* End PBXNativeTarget section */

/* Begin PBXProject section */
		66CCC4341A6449A100FF2CA9 /* Project object */ = {
			isa = PBXProject;
			attributes = {
				LastSwiftUpdateCheck = 1000;
				LastUpgradeCheck = 1000;
				ORGANIZATIONNAME = "Connect Think";
				TargetAttributes = {
					666A8AC6215A9EB700F332D3 = {
						CreatedOnToolsVersion = 10.0;
						DevelopmentTeam = 738FYGL4SV;
						ProvisioningStyle = Automatic;
						SystemCapabilities = {
							com.apple.ApplicationGroups.iOS = {
								enabled = 1;
							};
						};
					};
					666A8AD2215A9EB800F332D3 = {
						CreatedOnToolsVersion = 10.0;
						DevelopmentTeam = 738FYGL4SV;
						ProvisioningStyle = Automatic;
						SystemCapabilities = {
							com.apple.ApplicationGroups.iOS = {
								enabled = 1;
							};
						};
					};
					66CCC43B1A6449A100FF2CA9 = {
						CreatedOnToolsVersion = 6.2;
						DevelopmentTeam = 738FYGL4SV;
						LastSwiftMigration = 1000;
						SystemCapabilities = {
							com.apple.ApplicationGroups.iOS = {
								enabled = 1;
							};
						};
					};
					66CCC4501A6449A100FF2CA9 = {
						CreatedOnToolsVersion = 6.2;
						LastSwiftMigration = 1000;
						TestTargetID = 66CCC43B1A6449A100FF2CA9;
					};
				};
			};
			buildConfigurationList = 66CCC4371A6449A100FF2CA9 /* Build configuration list for PBXProject "weatherWatchKit" */;
			compatibilityVersion = "Xcode 3.2";
			developmentRegion = English;
			hasScannedForEncodings = 0;
			knownRegions = (
				en,
				Base,
			);
			mainGroup = 66CCC4331A6449A100FF2CA9;
			productRefGroup = 66CCC43D1A6449A100FF2CA9 /* Products */;
			projectDirPath = "";
			projectRoot = "";
			targets = (
				66CCC43B1A6449A100FF2CA9 /* weatherWatchKit */,
				666A8AC6215A9EB700F332D3 /* weatherWatchKit watchOS App */,
				666A8AD2215A9EB800F332D3 /* weatherWatchKit watchOS App Extension */,
				66CCC4501A6449A100FF2CA9 /* weatherWatchKitTests */,
			);
		};
/* End PBXProject section */

/* Begin PBXResourcesBuildPhase section */
		666A8AC5215A9EB700F332D3 /* Resources */ = {
			isa = PBXResourcesBuildPhase;
			buildActionMask = 2147483647;
			files = (
				666A8ACD215A9EB800F332D3 /* Assets.xcassets in Resources */,
				666A8ACB215A9EB700F332D3 /* Interface.storyboard in Resources */,
			);
			runOnlyForDeploymentPostprocessing = 0;
		};
		666A8AD1215A9EB800F332D3 /* Resources */ = {
			isa = PBXResourcesBuildPhase;
			buildActionMask = 2147483647;
			files = (
				666A8ADF215A9EB900F332D3 /* Assets.xcassets in Resources */,
			);
			runOnlyForDeploymentPostprocessing = 0;
		};
		66CCC43A1A6449A100FF2CA9 /* Resources */ = {
			isa = PBXResourcesBuildPhase;
			buildActionMask = 2147483647;
			files = (
				66CCC4471A6449A100FF2CA9 /* Main.storyboard in Resources */,
				66CCC44C1A6449A100FF2CA9 /* LaunchScreen.xib in Resources */,
				66CCC4491A6449A100FF2CA9 /* Images.xcassets in Resources */,
			);
			runOnlyForDeploymentPostprocessing = 0;
		};
		66CCC44F1A6449A100FF2CA9 /* Resources */ = {
			isa = PBXResourcesBuildPhase;
			buildActionMask = 2147483647;
			files = (
			);
			runOnlyForDeploymentPostprocessing = 0;
		};
/* End PBXResourcesBuildPhase section */

/* Begin PBXShellScriptBuildPhase section */
		05E27B13374ABAB7A5F3D607 /* [CP] Check Pods Manifest.lock */ = {
			isa = PBXShellScriptBuildPhase;
			buildActionMask = 2147483647;
			files = (
			);
			inputFileListPaths = (
			);
			inputPaths = (
				"${PODS_PODFILE_DIR_PATH}/Podfile.lock",
				"${PODS_ROOT}/Manifest.lock",
			);
			name = "[CP] Check Pods Manifest.lock";
			outputFileListPaths = (
			);
			outputPaths = (
				"$(DERIVED_FILE_DIR)/Pods-weatherWatchKit-checkManifestLockResult.txt",
			);
			runOnlyForDeploymentPostprocessing = 0;
			shellPath = /bin/sh;
			shellScript = "diff \"${PODS_PODFILE_DIR_PATH}/Podfile.lock\" \"${PODS_ROOT}/Manifest.lock\" > /dev/null\nif [ $? != 0 ] ; then\n    # print error to STDERR\n    echo \"error: The sandbox is not in sync with the Podfile.lock. Run 'pod install' or update your CocoaPods installation.\" >&2\n    exit 1\nfi\n# This output is used by Xcode 'outputs' to avoid re-running this script phase.\necho \"SUCCESS\" > \"${SCRIPT_OUTPUT_FILE_0}\"\n";
			showEnvVarsInLog = 0;
		};
		F29252A1C537508827120F70 /* [CP] Embed Pods Frameworks */ = {
			isa = PBXShellScriptBuildPhase;
			buildActionMask = 2147483647;
			files = (
			);
			inputFileListPaths = (
			);
			inputPaths = (
				"${SRCROOT}/Pods/Target Support Files/Pods-weatherWatchKit/Pods-weatherWatchKit-frameworks.sh",
				"${BUILT_PRODUCTS_DIR}/Alamofire/Alamofire.framework",
				"${BUILT_PRODUCTS_DIR}/SwiftyJSON/SwiftyJSON.framework",
			);
			name = "[CP] Embed Pods Frameworks";
			outputFileListPaths = (
			);
			outputPaths = (
				"${TARGET_BUILD_DIR}/${FRAMEWORKS_FOLDER_PATH}/Alamofire.framework",
				"${TARGET_BUILD_DIR}/${FRAMEWORKS_FOLDER_PATH}/SwiftyJSON.framework",
			);
			runOnlyForDeploymentPostprocessing = 0;
			shellPath = /bin/sh;
			shellScript = "\"${SRCROOT}/Pods/Target Support Files/Pods-weatherWatchKit/Pods-weatherWatchKit-frameworks.sh\"\n";
			showEnvVarsInLog = 0;
		};
/* End PBXShellScriptBuildPhase section */

/* Begin PBXSourcesBuildPhase section */
		666A8ACF215A9EB800F332D3 /* Sources */ = {
			isa = PBXSourcesBuildPhase;
			buildActionMask = 2147483647;
			files = (
				666A8ADB215A9EB800F332D3 /* ExtensionDelegate.swift in Sources */,
				666A8AD9215A9EB800F332D3 /* InterfaceController.swift in Sources */,
				666A8AF3215AD54400F332D3 /* SharedUserDefaultsDatastore.swift in Sources */,
				666A8ADD215A9EB800F332D3 /* ComplicationController.swift in Sources */,
				666A8AF2215AD54200F332D3 /* DatastoreProtocol.swift in Sources */,
			);
			runOnlyForDeploymentPostprocessing = 0;
		};
		66CCC4381A6449A100FF2CA9 /* Sources */ = {
			isa = PBXSourcesBuildPhase;
			buildActionMask = 2147483647;
			files = (
				667A1A191A68411600DD3729 /* WeatherServiceProtocol.swift in Sources */,
				66CCC4441A6449A100FF2CA9 /* ViewController.swift in Sources */,
				667A1A1C1A6856B800DD3729 /* OpenWeatherMapWeatherService.swift in Sources */,
				666A8AEF215ACCFB00F332D3 /* SharedUserDefaultsDatastore.swift in Sources */,
				666A8AED215ACCB400F332D3 /* DatastoreProtocol.swift in Sources */,
				66CCC4421A6449A100FF2CA9 /* AppDelegate.swift in Sources */,
			);
			runOnlyForDeploymentPostprocessing = 0;
		};
		66CCC44D1A6449A100FF2CA9 /* Sources */ = {
			isa = PBXSourcesBuildPhase;
			buildActionMask = 2147483647;
			files = (
				66CCC4581A6449A100FF2CA9 /* weatherWatchKitTests.swift in Sources */,
			);
			runOnlyForDeploymentPostprocessing = 0;
		};
/* End PBXSourcesBuildPhase section */

/* Begin PBXTargetDependency section */
		666A8AD6215A9EB800F332D3 /* PBXTargetDependency */ = {
			isa = PBXTargetDependency;
			target = 666A8AD2215A9EB800F332D3 /* weatherWatchKit watchOS App Extension */;
			targetProxy = 666A8AD5215A9EB800F332D3 /* PBXContainerItemProxy */;
		};
		666A8AE2215A9EB900F332D3 /* PBXTargetDependency */ = {
			isa = PBXTargetDependency;
			target = 666A8AC6215A9EB700F332D3 /* weatherWatchKit watchOS App */;
			targetProxy = 666A8AE1215A9EB900F332D3 /* PBXContainerItemProxy */;
		};
		66CCC4531A6449A100FF2CA9 /* PBXTargetDependency */ = {
			isa = PBXTargetDependency;
			target = 66CCC43B1A6449A100FF2CA9 /* weatherWatchKit */;
			targetProxy = 66CCC4521A6449A100FF2CA9 /* PBXContainerItemProxy */;
		};
/* End PBXTargetDependency section */

/* Begin PBXVariantGroup section */
		666A8AC9215A9EB700F332D3 /* Interface.storyboard */ = {
			isa = PBXVariantGroup;
			children = (
				666A8ACA215A9EB700F332D3 /* Base */,
			);
			name = Interface.storyboard;
			sourceTree = "<group>";
		};
		66CCC4451A6449A100FF2CA9 /* Main.storyboard */ = {
			isa = PBXVariantGroup;
			children = (
				66CCC4461A6449A100FF2CA9 /* Base */,
			);
			name = Main.storyboard;
			sourceTree = "<group>";
		};
		66CCC44A1A6449A100FF2CA9 /* LaunchScreen.xib */ = {
			isa = PBXVariantGroup;
			children = (
				66CCC44B1A6449A100FF2CA9 /* Base */,
			);
			name = LaunchScreen.xib;
			sourceTree = "<group>";
		};
/* End PBXVariantGroup section */

/* Begin XCBuildConfiguration section */
		666A8AE4215A9EB900F332D3 /* Debug */ = {
			isa = XCBuildConfiguration;
			buildSettings = {
				ALWAYS_EMBED_SWIFT_STANDARD_LIBRARIES = YES;
				ASSETCATALOG_COMPILER_APPICON_NAME = AppIcon;
				CLANG_ANALYZER_NONNULL = YES;
				CLANG_ANALYZER_NUMBER_OBJECT_CONVERSION = YES_AGGRESSIVE;
				CLANG_CXX_LANGUAGE_STANDARD = "gnu++14";
				CLANG_ENABLE_OBJC_WEAK = YES;
				CLANG_WARN_DOCUMENTATION_COMMENTS = YES;
				CLANG_WARN_UNGUARDED_AVAILABILITY = YES_AGGRESSIVE;
				CODE_SIGN_ENTITLEMENTS = "weatherWatchKit watchOS App/weatherWatchKit watchOS App.entitlements";
				CODE_SIGN_IDENTITY = "iPhone Developer";
				"CODE_SIGN_IDENTITY[sdk=iphoneos*]" = "iPhone Developer";
				CODE_SIGN_STYLE = Automatic;
				DEBUG_INFORMATION_FORMAT = dwarf;
				DEVELOPMENT_TEAM = 738FYGL4SV;
				GCC_C_LANGUAGE_STANDARD = gnu11;
				IBSC_MODULE = weatherWatchKit_watchOS_App_Extension;
				INFOPLIST_FILE = "weatherWatchKit watchOS App/Info.plist";
				MTL_ENABLE_DEBUG_INFO = INCLUDE_SOURCE;
				MTL_FAST_MATH = YES;
				PRODUCT_BUNDLE_IDENTIFIER = com.connectthink.weatherWatchKit.watchkitapp;
				PRODUCT_NAME = "$(TARGET_NAME)";
				SDKROOT = watchos;
				SKIP_INSTALL = YES;
				SWIFT_ACTIVE_COMPILATION_CONDITIONS = DEBUG;
				SWIFT_VERSION = 4.2;
				TARGETED_DEVICE_FAMILY = 4;
				WATCHOS_DEPLOYMENT_TARGET = 5.0;
			};
			name = Debug;
		};
		666A8AE5215A9EB900F332D3 /* Release */ = {
			isa = XCBuildConfiguration;
			buildSettings = {
				ALWAYS_EMBED_SWIFT_STANDARD_LIBRARIES = YES;
				ASSETCATALOG_COMPILER_APPICON_NAME = AppIcon;
				CLANG_ANALYZER_NONNULL = YES;
				CLANG_ANALYZER_NUMBER_OBJECT_CONVERSION = YES_AGGRESSIVE;
				CLANG_CXX_LANGUAGE_STANDARD = "gnu++14";
				CLANG_ENABLE_OBJC_WEAK = YES;
				CLANG_WARN_DOCUMENTATION_COMMENTS = YES;
				CLANG_WARN_UNGUARDED_AVAILABILITY = YES_AGGRESSIVE;
				CODE_SIGN_ENTITLEMENTS = "weatherWatchKit watchOS App/weatherWatchKit watchOS App.entitlements";
				CODE_SIGN_IDENTITY = "iPhone Developer";
				"CODE_SIGN_IDENTITY[sdk=iphoneos*]" = "iPhone Developer";
				CODE_SIGN_STYLE = Automatic;
				DEBUG_INFORMATION_FORMAT = "dwarf-with-dsym";
				DEVELOPMENT_TEAM = 738FYGL4SV;
				GCC_C_LANGUAGE_STANDARD = gnu11;
				IBSC_MODULE = weatherWatchKit_watchOS_App_Extension;
				INFOPLIST_FILE = "weatherWatchKit watchOS App/Info.plist";
				MTL_FAST_MATH = YES;
				PRODUCT_BUNDLE_IDENTIFIER = com.connectthink.weatherWatchKit.watchkitapp;
				PRODUCT_NAME = "$(TARGET_NAME)";
				SDKROOT = watchos;
				SKIP_INSTALL = YES;
				SWIFT_VERSION = 4.2;
				TARGETED_DEVICE_FAMILY = 4;
				WATCHOS_DEPLOYMENT_TARGET = 5.0;
			};
			name = Release;
		};
		666A8AE6215A9EB900F332D3 /* Debug */ = {
			isa = XCBuildConfiguration;
			buildSettings = {
				ASSETCATALOG_COMPILER_COMPLICATION_NAME = Complication;
				CLANG_ANALYZER_NONNULL = YES;
				CLANG_ANALYZER_NUMBER_OBJECT_CONVERSION = YES_AGGRESSIVE;
				CLANG_CXX_LANGUAGE_STANDARD = "gnu++14";
				CLANG_ENABLE_OBJC_WEAK = YES;
				CLANG_WARN_DOCUMENTATION_COMMENTS = YES;
				CLANG_WARN_UNGUARDED_AVAILABILITY = YES_AGGRESSIVE;
				CODE_SIGN_ENTITLEMENTS = "weatherWatchKit watchOS App Extension/weatherWatchKit watchOS App Extension.entitlements";
				CODE_SIGN_STYLE = Automatic;
				DEBUG_INFORMATION_FORMAT = dwarf;
				DEVELOPMENT_TEAM = 738FYGL4SV;
				GCC_C_LANGUAGE_STANDARD = gnu11;
				INFOPLIST_FILE = "weatherWatchKit watchOS App Extension/Info.plist";
				LD_RUNPATH_SEARCH_PATHS = "$(inherited) @executable_path/Frameworks @executable_path/../../Frameworks";
				MTL_ENABLE_DEBUG_INFO = INCLUDE_SOURCE;
				MTL_FAST_MATH = YES;
				PRODUCT_BUNDLE_IDENTIFIER = com.connectthink.weatherWatchKit.watchkitapp.watchkitextension;
				PRODUCT_NAME = "${TARGET_NAME}";
				SDKROOT = watchos;
				SKIP_INSTALL = YES;
				SWIFT_ACTIVE_COMPILATION_CONDITIONS = DEBUG;
				SWIFT_VERSION = 4.2;
				TARGETED_DEVICE_FAMILY = 4;
				WATCHOS_DEPLOYMENT_TARGET = 5.0;
			};
			name = Debug;
		};
		666A8AE7215A9EB900F332D3 /* Release */ = {
			isa = XCBuildConfiguration;
			buildSettings = {
				ASSETCATALOG_COMPILER_COMPLICATION_NAME = Complication;
				CLANG_ANALYZER_NONNULL = YES;
				CLANG_ANALYZER_NUMBER_OBJECT_CONVERSION = YES_AGGRESSIVE;
				CLANG_CXX_LANGUAGE_STANDARD = "gnu++14";
				CLANG_ENABLE_OBJC_WEAK = YES;
				CLANG_WARN_DOCUMENTATION_COMMENTS = YES;
				CLANG_WARN_UNGUARDED_AVAILABILITY = YES_AGGRESSIVE;
				CODE_SIGN_ENTITLEMENTS = "weatherWatchKit watchOS App Extension/weatherWatchKit watchOS App Extension.entitlements";
				CODE_SIGN_STYLE = Automatic;
				DEBUG_INFORMATION_FORMAT = "dwarf-with-dsym";
				DEVELOPMENT_TEAM = 738FYGL4SV;
				GCC_C_LANGUAGE_STANDARD = gnu11;
				INFOPLIST_FILE = "weatherWatchKit watchOS App Extension/Info.plist";
				LD_RUNPATH_SEARCH_PATHS = "$(inherited) @executable_path/Frameworks @executable_path/../../Frameworks";
				MTL_FAST_MATH = YES;
				PRODUCT_BUNDLE_IDENTIFIER = com.connectthink.weatherWatchKit.watchkitapp.watchkitextension;
				PRODUCT_NAME = "${TARGET_NAME}";
				SDKROOT = watchos;
				SKIP_INSTALL = YES;
				SWIFT_VERSION = 4.2;
				TARGETED_DEVICE_FAMILY = 4;
				WATCHOS_DEPLOYMENT_TARGET = 5.0;
			};
			name = Release;
		};
		66CCC4591A6449A100FF2CA9 /* Debug */ = {
			isa = XCBuildConfiguration;
			buildSettings = {
				ALWAYS_SEARCH_USER_PATHS = NO;
				CLANG_CXX_LANGUAGE_STANDARD = "gnu++0x";
				CLANG_CXX_LIBRARY = "libc++";
				CLANG_ENABLE_MODULES = YES;
				CLANG_ENABLE_OBJC_ARC = YES;
				CLANG_WARN_BLOCK_CAPTURE_AUTORELEASING = YES;
				CLANG_WARN_BOOL_CONVERSION = YES;
				CLANG_WARN_COMMA = YES;
				CLANG_WARN_CONSTANT_CONVERSION = YES;
				CLANG_WARN_DEPRECATED_OBJC_IMPLEMENTATIONS = YES;
				CLANG_WARN_DIRECT_OBJC_ISA_USAGE = YES_ERROR;
				CLANG_WARN_EMPTY_BODY = YES;
				CLANG_WARN_ENUM_CONVERSION = YES;
				CLANG_WARN_INFINITE_RECURSION = YES;
				CLANG_WARN_INT_CONVERSION = YES;
				CLANG_WARN_NON_LITERAL_NULL_CONVERSION = YES;
				CLANG_WARN_OBJC_IMPLICIT_RETAIN_SELF = YES;
				CLANG_WARN_OBJC_LITERAL_CONVERSION = YES;
				CLANG_WARN_OBJC_ROOT_CLASS = YES_ERROR;
				CLANG_WARN_RANGE_LOOP_ANALYSIS = YES;
				CLANG_WARN_STRICT_PROTOTYPES = YES;
				CLANG_WARN_SUSPICIOUS_MOVE = YES;
				CLANG_WARN_UNREACHABLE_CODE = YES;
				CLANG_WARN__DUPLICATE_METHOD_MATCH = YES;
				"CODE_SIGN_IDENTITY[sdk=iphoneos*]" = "iPhone Developer";
				COPY_PHASE_STRIP = NO;
				ENABLE_STRICT_OBJC_MSGSEND = YES;
				ENABLE_TESTABILITY = YES;
				GCC_C_LANGUAGE_STANDARD = gnu99;
				GCC_DYNAMIC_NO_PIC = NO;
				GCC_NO_COMMON_BLOCKS = YES;
				GCC_OPTIMIZATION_LEVEL = 0;
				GCC_PREPROCESSOR_DEFINITIONS = (
					"DEBUG=1",
					"$(inherited)",
				);
				GCC_SYMBOLS_PRIVATE_EXTERN = NO;
				GCC_WARN_64_TO_32_BIT_CONVERSION = YES;
				GCC_WARN_ABOUT_RETURN_TYPE = YES_ERROR;
				GCC_WARN_UNDECLARED_SELECTOR = YES;
				GCC_WARN_UNINITIALIZED_AUTOS = YES_AGGRESSIVE;
				GCC_WARN_UNUSED_FUNCTION = YES;
				GCC_WARN_UNUSED_VARIABLE = YES;
				IPHONEOS_DEPLOYMENT_TARGET = 8.2;
				MTL_ENABLE_DEBUG_INFO = YES;
				ONLY_ACTIVE_ARCH = YES;
				SDKROOT = iphoneos;
				SWIFT_OPTIMIZATION_LEVEL = "-Onone";
			};
			name = Debug;
		};
		66CCC45A1A6449A100FF2CA9 /* Release */ = {
			isa = XCBuildConfiguration;
			buildSettings = {
				ALWAYS_SEARCH_USER_PATHS = NO;
				CLANG_CXX_LANGUAGE_STANDARD = "gnu++0x";
				CLANG_CXX_LIBRARY = "libc++";
				CLANG_ENABLE_MODULES = YES;
				CLANG_ENABLE_OBJC_ARC = YES;
				CLANG_WARN_BLOCK_CAPTURE_AUTORELEASING = YES;
				CLANG_WARN_BOOL_CONVERSION = YES;
				CLANG_WARN_COMMA = YES;
				CLANG_WARN_CONSTANT_CONVERSION = YES;
				CLANG_WARN_DEPRECATED_OBJC_IMPLEMENTATIONS = YES;
				CLANG_WARN_DIRECT_OBJC_ISA_USAGE = YES_ERROR;
				CLANG_WARN_EMPTY_BODY = YES;
				CLANG_WARN_ENUM_CONVERSION = YES;
				CLANG_WARN_INFINITE_RECURSION = YES;
				CLANG_WARN_INT_CONVERSION = YES;
				CLANG_WARN_NON_LITERAL_NULL_CONVERSION = YES;
				CLANG_WARN_OBJC_IMPLICIT_RETAIN_SELF = YES;
				CLANG_WARN_OBJC_LITERAL_CONVERSION = YES;
				CLANG_WARN_OBJC_ROOT_CLASS = YES_ERROR;
				CLANG_WARN_RANGE_LOOP_ANALYSIS = YES;
				CLANG_WARN_STRICT_PROTOTYPES = YES;
				CLANG_WARN_SUSPICIOUS_MOVE = YES;
				CLANG_WARN_UNREACHABLE_CODE = YES;
				CLANG_WARN__DUPLICATE_METHOD_MATCH = YES;
				"CODE_SIGN_IDENTITY[sdk=iphoneos*]" = "iPhone Developer";
				COPY_PHASE_STRIP = NO;
				ENABLE_NS_ASSERTIONS = NO;
				ENABLE_STRICT_OBJC_MSGSEND = YES;
				GCC_C_LANGUAGE_STANDARD = gnu99;
				GCC_NO_COMMON_BLOCKS = YES;
				GCC_WARN_64_TO_32_BIT_CONVERSION = YES;
				GCC_WARN_ABOUT_RETURN_TYPE = YES_ERROR;
				GCC_WARN_UNDECLARED_SELECTOR = YES;
				GCC_WARN_UNINITIALIZED_AUTOS = YES_AGGRESSIVE;
				GCC_WARN_UNUSED_FUNCTION = YES;
				GCC_WARN_UNUSED_VARIABLE = YES;
				IPHONEOS_DEPLOYMENT_TARGET = 8.2;
				MTL_ENABLE_DEBUG_INFO = NO;
				SDKROOT = iphoneos;
				SWIFT_OPTIMIZATION_LEVEL = "-Owholemodule";
				VALIDATE_PRODUCT = YES;
			};
			name = Release;
		};
		66CCC45C1A6449A100FF2CA9 /* Debug */ = {
			isa = XCBuildConfiguration;
			baseConfigurationReference = 53DBF15AE3DDAFA5D3EB39A1 /* Pods-weatherWatchKit.debug.xcconfig */;
			buildSettings = {
				ASSETCATALOG_COMPILER_APPICON_NAME = AppIcon;
				CODE_SIGN_ENTITLEMENTS = weatherWatchKit/weatherWatchKit.entitlements;
				CODE_SIGN_IDENTITY = "iPhone Developer";
				"CODE_SIGN_IDENTITY[sdk=iphoneos*]" = "iPhone Developer";
				FRAMEWORK_SEARCH_PATHS = "$(inherited)";
				INFOPLIST_FILE = weatherWatchKit/Info.plist;
				IPHONEOS_DEPLOYMENT_TARGET = 9.3;
				LD_RUNPATH_SEARCH_PATHS = "$(inherited) @executable_path/Frameworks";
				PRODUCT_BUNDLE_IDENTIFIER = "com.connectthink.$(PRODUCT_NAME:rfc1034identifier)";
				PRODUCT_NAME = "$(TARGET_NAME)";
				PROVISIONING_PROFILE = "";
				SWIFT_SWIFT3_OBJC_INFERENCE = Default;
				SWIFT_VERSION = 4.2;
			};
			name = Debug;
		};
		66CCC45D1A6449A100FF2CA9 /* Release */ = {
			isa = XCBuildConfiguration;
			baseConfigurationReference = 8B8EFE048DC0AE56934F9A2F /* Pods-weatherWatchKit.release.xcconfig */;
			buildSettings = {
				ASSETCATALOG_COMPILER_APPICON_NAME = AppIcon;
				CODE_SIGN_ENTITLEMENTS = weatherWatchKit/weatherWatchKit.entitlements;
				CODE_SIGN_IDENTITY = "iPhone Developer";
				"CODE_SIGN_IDENTITY[sdk=iphoneos*]" = "iPhone Developer";
				FRAMEWORK_SEARCH_PATHS = "$(inherited)";
				INFOPLIST_FILE = weatherWatchKit/Info.plist;
				IPHONEOS_DEPLOYMENT_TARGET = 9.3;
				LD_RUNPATH_SEARCH_PATHS = "$(inherited) @executable_path/Frameworks";
				PRODUCT_BUNDLE_IDENTIFIER = "com.connectthink.$(PRODUCT_NAME:rfc1034identifier)";
				PRODUCT_NAME = "$(TARGET_NAME)";
				PROVISIONING_PROFILE = "";
				SWIFT_SWIFT3_OBJC_INFERENCE = Default;
				SWIFT_VERSION = 4.2;
			};
			name = Release;
		};
		66CCC45F1A6449A100FF2CA9 /* Debug */ = {
			isa = XCBuildConfiguration;
			buildSettings = {
				BUNDLE_LOADER = "$(TEST_HOST)";
				FRAMEWORK_SEARCH_PATHS = "$(inherited)";
				GCC_PREPROCESSOR_DEFINITIONS = (
					"DEBUG=1",
					"$(inherited)",
				);
				INFOPLIST_FILE = weatherWatchKitTests/Info.plist;
				LD_RUNPATH_SEARCH_PATHS = "$(inherited) @executable_path/Frameworks @loader_path/Frameworks";
				PRODUCT_BUNDLE_IDENTIFIER = "com.connectthink.$(PRODUCT_NAME:rfc1034identifier)";
				PRODUCT_NAME = "$(TARGET_NAME)";
				SWIFT_SWIFT3_OBJC_INFERENCE = Default;
				SWIFT_VERSION = 4.2;
				TEST_HOST = "$(BUILT_PRODUCTS_DIR)/weatherWatchKit.app/weatherWatchKit";
			};
			name = Debug;
		};
		66CCC4601A6449A100FF2CA9 /* Release */ = {
			isa = XCBuildConfiguration;
			buildSettings = {
				BUNDLE_LOADER = "$(TEST_HOST)";
				FRAMEWORK_SEARCH_PATHS = "$(inherited)";
				INFOPLIST_FILE = weatherWatchKitTests/Info.plist;
				LD_RUNPATH_SEARCH_PATHS = "$(inherited) @executable_path/Frameworks @loader_path/Frameworks";
				PRODUCT_BUNDLE_IDENTIFIER = "com.connectthink.$(PRODUCT_NAME:rfc1034identifier)";
				PRODUCT_NAME = "$(TARGET_NAME)";
				SWIFT_SWIFT3_OBJC_INFERENCE = Default;
				SWIFT_VERSION = 4.2;
				TEST_HOST = "$(BUILT_PRODUCTS_DIR)/weatherWatchKit.app/weatherWatchKit";
			};
			name = Release;
		};
/* End XCBuildConfiguration section */

/* Begin XCConfigurationList section */
		666A8AE8215A9EB900F332D3 /* Build configuration list for PBXNativeTarget "weatherWatchKit watchOS App Extension" */ = {
			isa = XCConfigurationList;
			buildConfigurations = (
				666A8AE6215A9EB900F332D3 /* Debug */,
				666A8AE7215A9EB900F332D3 /* Release */,
			);
			defaultConfigurationIsVisible = 0;
			defaultConfigurationName = Release;
		};
		666A8AEA215A9EB900F332D3 /* Build configuration list for PBXNativeTarget "weatherWatchKit watchOS App" */ = {
			isa = XCConfigurationList;
			buildConfigurations = (
				666A8AE4215A9EB900F332D3 /* Debug */,
				666A8AE5215A9EB900F332D3 /* Release */,
			);
			defaultConfigurationIsVisible = 0;
			defaultConfigurationName = Release;
		};
		66CCC4371A6449A100FF2CA9 /* Build configuration list for PBXProject "weatherWatchKit" */ = {
			isa = XCConfigurationList;
			buildConfigurations = (
				66CCC4591A6449A100FF2CA9 /* Debug */,
				66CCC45A1A6449A100FF2CA9 /* Release */,
			);
			defaultConfigurationIsVisible = 0;
			defaultConfigurationName = Release;
		};
		66CCC45B1A6449A100FF2CA9 /* Build configuration list for PBXNativeTarget "weatherWatchKit" */ = {
			isa = XCConfigurationList;
			buildConfigurations = (
				66CCC45C1A6449A100FF2CA9 /* Debug */,
				66CCC45D1A6449A100FF2CA9 /* Release */,
			);
			defaultConfigurationIsVisible = 0;
			defaultConfigurationName = Release;
		};
		66CCC45E1A6449A100FF2CA9 /* Build configuration list for PBXNativeTarget "weatherWatchKitTests" */ = {
			isa = XCConfigurationList;
			buildConfigurations = (
				66CCC45F1A6449A100FF2CA9 /* Debug */,
				66CCC4601A6449A100FF2CA9 /* Release */,
			);
			defaultConfigurationIsVisible = 0;
			defaultConfigurationName = Release;
		};
/* End XCConfigurationList section */
	};
	rootObject = 66CCC4341A6449A100FF2CA9 /* Project object */;
}
